
Microsoft Visual Studio Solution File, Format Version 12.00
# Visual Studio Version 16
VisualStudioVersion = 16.0.32228.343
MinimumVisualStudioVersion = 10.0.40219.1
Project("{2150E333-8FDC-42A3-9474-1A3956D46DE8}") = "Services", "Services", "{5588CE9F-013B-4965-B6DB-014617FBDD3C}"
EndProject
Project("{2150E333-8FDC-42A3-9474-1A3956D46DE8}") = "Catalog", "Catalog", "{8AC303A7-27A8-4B1E-AD83-77726F052AE0}"
EndProject
Project("{9A19103F-16F7-4668-BE54-9A1E7A4F7556}") = "Catalog.Api", "Services\Catalog\Catalog.Api\Catalog.Api.csproj", "{36F0E95F-51BE-4C05-BDCC-40CCC9751C2D}"
EndProject
Project("{E53339B2-1760-4266-BCC7-CA923CBCF16C}") = "docker-compose", "docker-compose.dcproj", "{5C23FC6F-ED3E-48A5-B704-76FC18588DBA}"
EndProject
Project("{2150E333-8FDC-42A3-9474-1A3956D46DE8}") = "Basket", "Basket", "{750A6EC4-D32F-4568-8A76-2ECF8B14B4FA}"
EndProject
Project("{2150E333-8FDC-42A3-9474-1A3956D46DE8}") = "Discount", "Discount", "{2625D894-1845-4623-92D3-6B3D96743D1D}"
EndProject
Project("{9A19103F-16F7-4668-BE54-9A1E7A4F7556}") = "Basket.API", "Services\Basket\Basket.API\Basket.API.csproj", "{F1906633-34D6-4791-AFB0-3571750D0870}"
EndProject
Project("{9A19103F-16F7-4668-BE54-9A1E7A4F7556}") = "Discount.API", "Services\Discount\Discount.API\Discount.API.csproj", "{4BB853F6-F1AC-4874-A0DD-E8682863BE2E}"
EndProject
Global
	GlobalSection(SolutionConfigurationPlatforms) = preSolution
		Debug|Any CPU = Debug|Any CPU
		Release|Any CPU = Release|Any CPU
	EndGlobalSection
	GlobalSection(ProjectConfigurationPlatforms) = postSolution
		{36F0E95F-51BE-4C05-BDCC-40CCC9751C2D}.Debug|Any CPU.ActiveCfg = Debug|Any CPU
		{36F0E95F-51BE-4C05-BDCC-40CCC9751C2D}.Debug|Any CPU.Build.0 = Debug|Any CPU
		{36F0E95F-51BE-4C05-BDCC-40CCC9751C2D}.Release|Any CPU.ActiveCfg = Release|Any CPU
		{36F0E95F-51BE-4C05-BDCC-40CCC9751C2D}.Release|Any CPU.Build.0 = Release|Any CPU
		{5C23FC6F-ED3E-48A5-B704-76FC18588DBA}.Debug|Any CPU.ActiveCfg = Debug|Any CPU
		{5C23FC6F-ED3E-48A5-B704-76FC18588DBA}.Debug|Any CPU.Build.0 = Debug|Any CPU
		{5C23FC6F-ED3E-48A5-B704-76FC18588DBA}.Release|Any CPU.ActiveCfg = Release|Any CPU
		{5C23FC6F-ED3E-48A5-B704-76FC18588DBA}.Release|Any CPU.Build.0 = Release|Any CPU
		{F1906633-34D6-4791-AFB0-3571750D0870}.Debug|Any CPU.ActiveCfg = Debug|Any CPU
		{F1906633-34D6-4791-AFB0-3571750D0870}.Debug|Any CPU.Build.0 = Debug|Any CPU
		{F1906633-34D6-4791-AFB0-3571750D0870}.Release|Any CPU.ActiveCfg = Release|Any CPU
		{F1906633-34D6-4791-AFB0-3571750D0870}.Release|Any CPU.Build.0 = Release|Any CPU
		{4BB853F6-F1AC-4874-A0DD-E8682863BE2E}.Debug|Any CPU.ActiveCfg = Debug|Any CPU
		{4BB853F6-F1AC-4874-A0DD-E8682863BE2E}.Debug|Any CPU.Build.0 = Debug|Any CPU
		{4BB853F6-F1AC-4874-A0DD-E8682863BE2E}.Release|Any CPU.ActiveCfg = Release|Any CPU
		{4BB853F6-F1AC-4874-A0DD-E8682863BE2E}.Release|Any CPU.Build.0 = Release|Any CPU
	EndGlobalSection
	GlobalSection(SolutionProperties) = preSolution
		HideSolutionNode = FALSE
	EndGlobalSection
	GlobalSection(NestedProjects) = preSolution
		{8AC303A7-27A8-4B1E-AD83-77726F052AE0} = {5588CE9F-013B-4965-B6DB-014617FBDD3C}
		{36F0E95F-51BE-4C05-BDCC-40CCC9751C2D} = {8AC303A7-27A8-4B1E-AD83-77726F052AE0}
		{750A6EC4-D32F-4568-8A76-2ECF8B14B4FA} = {5588CE9F-013B-4965-B6DB-014617FBDD3C}
		{2625D894-1845-4623-92D3-6B3D96743D1D} = {5588CE9F-013B-4965-B6DB-014617FBDD3C}
		{F1906633-34D6-4791-AFB0-3571750D0870} = {750A6EC4-D32F-4568-8A76-2ECF8B14B4FA}
		{4BB853F6-F1AC-4874-A0DD-E8682863BE2E} = {2625D894-1845-4623-92D3-6B3D96743D1D}
	EndGlobalSection
	GlobalSection(ExtensibilityGlobals) = postSolution
		SolutionGuid = {94067260-F67B-45F0-890F-C394405490CA}
	EndGlobalSection
EndGlobal
